
Microsoft Visual Studio Solution File, Format Version 12.00
# Visual Studio Version 17
VisualStudioVersion = 17.3.32929.385
MinimumVisualStudioVersion = 10.0.40219.1
Project("{00D1A9C2-B5F0-4AF3-8072-F6C62B433612}") = "GroupProjectData", "GroupProjectData.sqlproj", "{130C5191-11FC-4154-9283-95BECD9D72FF}"
EndProject
Global
	GlobalSection(SolutionConfigurationPlatforms) = preSolution
		Debug|Any CPU = Debug|Any CPU
		Release|Any CPU = Release|Any CPU
	EndGlobalSection
	GlobalSection(ProjectConfigurationPlatforms) = postSolution
		{130C5191-11FC-4154-9283-95BECD9D72FF}.Debug|Any CPU.ActiveCfg = Debug|Any CPU
		{130C5191-11FC-4154-9283-95BECD9D72FF}.Debug|Any CPU.Build.0 = Debug|Any CPU
		{130C5191-11FC-4154-9283-95BECD9D72FF}.Debug|Any CPU.Deploy.0 = Debug|Any CPU
		{130C5191-11FC-4154-9283-95BECD9D72FF}.Release|Any CPU.ActiveCfg = Release|Any CPU
		{130C5191-11FC-4154-9283-95BECD9D72FF}.Release|Any CPU.Build.0 = Release|Any CPU
		{130C5191-11FC-4154-9283-95BECD9D72FF}.Release|Any CPU.Deploy.0 = Release|Any CPU
	EndGlobalSection
	GlobalSection(SolutionProperties) = preSolution
		HideSolutionNode = FALSE
	EndGlobalSection
	GlobalSection(ExtensibilityGlobals) = postSolution
		SolutionGuid = {FB4F3F18-BD03-4ED6-AAF7-98B907D6A0F1}
	EndGlobalSection
EndGlobal
